
Microsoft Visual Studio Solution File, Format Version 12.00
# Visual Studio Version 16
VisualStudioVersion = 16.0.29326.143
MinimumVisualStudioVersion = 10.0.40219.1
Project("{9A19103F-16F7-4668-BE54-9A1E7A4F7556}") = "BrowserBasedPlugin", "CustomPlugin\BrowserBasedPlugin.csproj", "{50C1C549-89E9-4DD4-A1D1-525E79822C38}"
EndProject
Global
	GlobalSection(SolutionConfigurationPlatforms) = preSolution
		Debug|Any CPU = Debug|Any CPU
		Release|Any CPU = Release|Any CPU
	EndGlobalSection
	GlobalSection(ProjectConfigurationPlatforms) = postSolution
		{50C1C549-89E9-4DD4-A1D1-525E79822C38}.Debug|Any CPU.ActiveCfg = Debug|Any CPU
		{50C1C549-89E9-4DD4-A1D1-525E79822C38}.Debug|Any CPU.Build.0 = Debug|Any CPU
		{50C1C549-89E9-4DD4-A1D1-525E79822C38}.Release|Any CPU.ActiveCfg = Release|Any CPU
		{50C1C549-89E9-4DD4-A1D1-525E79822C38}.Release|Any CPU.Build.0 = Release|Any CPU
	EndGlobalSection
	GlobalSection(SolutionProperties) = preSolution
		HideSolutionNode = FALSE
	EndGlobalSection
	GlobalSection(ExtensibilityGlobals) = postSolution
		SolutionGuid = {A116DA4B-D89B-4E60-8A8F-0D19D304CA49}
	EndGlobalSection
EndGlobal
