
Microsoft Visual Studio Solution File, Format Version 12.00
# Visual Studio Version 16
VisualStudioVersion = 16.0.31313.79
MinimumVisualStudioVersion = 10.0.40219.1
Project("{FAE04EC0-301F-11D3-BF4B-00C04F79EFBC}") = "GDIBasedPlugin", "GDIBasedPlugin\GDIBasedPlugin.csproj", "{972B4AC5-46F9-49FE-A0D1-698BB8A47947}"
EndProject
Global
	GlobalSection(SolutionConfigurationPlatforms) = preSolution
		Debug|Any CPU = Debug|Any CPU
		Release|Any CPU = Release|Any CPU
	EndGlobalSection
	GlobalSection(ProjectConfigurationPlatforms) = postSolution
		{972B4AC5-46F9-49FE-A0D1-698BB8A47947}.Debug|Any CPU.ActiveCfg = Debug|Any CPU
		{972B4AC5-46F9-49FE-A0D1-698BB8A47947}.Debug|Any CPU.Build.0 = Debug|Any CPU
		{972B4AC5-46F9-49FE-A0D1-698BB8A47947}.Release|Any CPU.ActiveCfg = Release|Any CPU
		{972B4AC5-46F9-49FE-A0D1-698BB8A47947}.Release|Any CPU.Build.0 = Release|Any CPU
	EndGlobalSection
	GlobalSection(SolutionProperties) = preSolution
		HideSolutionNode = FALSE
	EndGlobalSection
	GlobalSection(ExtensibilityGlobals) = postSolution
		SolutionGuid = {5F1C67C0-5FB8-4CC2-AD3E-F9677F6BA14A}
	EndGlobalSection
EndGlobal
